
Microsoft Visual Studio Solution File, Format Version 12.00
# Visual Studio 14
VisualStudioVersion = 14.0.25420.1
MinimumVisualStudioVersion = 10.0.40219.1
Project("{9092AA53-FB77-4645-B42D-1CCCA6BD08BD}") = "MEAN", "MEAN\MEAN.njsproj", "{F70684F0-6F63-4CF1-80BC-0464C9746F47}"
EndProject
Global
	GlobalSection(SolutionConfigurationPlatforms) = preSolution
		Debug|Any CPU = Debug|Any CPU
		Release|Any CPU = Release|Any CPU
	EndGlobalSection
	GlobalSection(ProjectConfigurationPlatforms) = postSolution
		{F70684F0-6F63-4CF1-80BC-0464C9746F47}.Debug|Any CPU.ActiveCfg = Debug|Any CPU
		{F70684F0-6F63-4CF1-80BC-0464C9746F47}.Debug|Any CPU.Build.0 = Debug|Any CPU
		{F70684F0-6F63-4CF1-80BC-0464C9746F47}.Release|Any CPU.ActiveCfg = Release|Any CPU
		{F70684F0-6F63-4CF1-80BC-0464C9746F47}.Release|Any CPU.Build.0 = Release|Any CPU
	EndGlobalSection
	GlobalSection(SolutionProperties) = preSolution
		HideSolutionNode = FALSE
	EndGlobalSection
EndGlobal
